
Microsoft Visual Studio Solution File, Format Version 12.00
# Visual Studio Version 16
VisualStudioVersion = 16.0.31205.134
MinimumVisualStudioVersion = 10.0.40219.1
Project("{FAE04EC0-301F-11D3-BF4B-00C04F79EFBC}") = "WebSocketsExample", "WebSocketsExample.csproj", "{9B4BFD37-5ADA-4C77-9DB3-63F9A08380F0}"
EndProject
Global
	GlobalSection(SolutionConfigurationPlatforms) = preSolution
		Debug|Any CPU = Debug|Any CPU
		Release|Any CPU = Release|Any CPU
	EndGlobalSection
	GlobalSection(ProjectConfigurationPlatforms) = postSolution
		{9B4BFD37-5ADA-4C77-9DB3-63F9A08380F0}.Debug|Any CPU.ActiveCfg = Debug|Any CPU
		{9B4BFD37-5ADA-4C77-9DB3-63F9A08380F0}.Debug|Any CPU.Build.0 = Debug|Any CPU
		{9B4BFD37-5ADA-4C77-9DB3-63F9A08380F0}.Release|Any CPU.ActiveCfg = Release|Any CPU
		{9B4BFD37-5ADA-4C77-9DB3-63F9A08380F0}.Release|Any CPU.Build.0 = Release|Any CPU
	EndGlobalSection
	GlobalSection(SolutionProperties) = preSolution
		HideSolutionNode = FALSE
	EndGlobalSection
	GlobalSection(ExtensibilityGlobals) = postSolution
		SolutionGuid = {19FDA0C2-39E7-4B89-B87B-7B32506CCA63}
	EndGlobalSection
EndGlobal
