
Microsoft Visual Studio Solution File, Format Version 12.00
# Visual Studio Version 16
VisualStudioVersion = 16.0.30804.86
MinimumVisualStudioVersion = 10.0.40219.1
Project("{FAE04EC0-301F-11D3-BF4B-00C04F79EFBC}") = "BowlingGame", "BowlingGame\BowlingGame.csproj", "{BEFC54B5-7EC3-420A-9F47-3C5709854F58}"
EndProject
Project("{FAE04EC0-301F-11D3-BF4B-00C04F79EFBC}") = "BowlingGameTests", "BowlingGameTests\BowlingGameTests.csproj", "{26E04A1D-07E7-4A9C-A98E-E30F68BF8C75}"
EndProject
Global
	GlobalSection(SolutionConfigurationPlatforms) = preSolution
		Debug|Any CPU = Debug|Any CPU
		Release|Any CPU = Release|Any CPU
	EndGlobalSection
	GlobalSection(ProjectConfigurationPlatforms) = postSolution
		{BEFC54B5-7EC3-420A-9F47-3C5709854F58}.Debug|Any CPU.ActiveCfg = Debug|Any CPU
		{BEFC54B5-7EC3-420A-9F47-3C5709854F58}.Debug|Any CPU.Build.0 = Debug|Any CPU
		{BEFC54B5-7EC3-420A-9F47-3C5709854F58}.Release|Any CPU.ActiveCfg = Release|Any CPU
		{BEFC54B5-7EC3-420A-9F47-3C5709854F58}.Release|Any CPU.Build.0 = Release|Any CPU
		{26E04A1D-07E7-4A9C-A98E-E30F68BF8C75}.Debug|Any CPU.ActiveCfg = Debug|Any CPU
		{26E04A1D-07E7-4A9C-A98E-E30F68BF8C75}.Debug|Any CPU.Build.0 = Debug|Any CPU
		{26E04A1D-07E7-4A9C-A98E-E30F68BF8C75}.Release|Any CPU.ActiveCfg = Release|Any CPU
		{26E04A1D-07E7-4A9C-A98E-E30F68BF8C75}.Release|Any CPU.Build.0 = Release|Any CPU
	EndGlobalSection
	GlobalSection(SolutionProperties) = preSolution
		HideSolutionNode = FALSE
	EndGlobalSection
	GlobalSection(ExtensibilityGlobals) = postSolution
		SolutionGuid = {E3DAFEA4-78B2-4B6F-9277-7E7BDCD05B04}
	EndGlobalSection
EndGlobal
